
Microsoft Visual Studio Solution File, Format Version 12.00
# Visual Studio Version 17
VisualStudioVersion = 17.3.32901.215
MinimumVisualStudioVersion = 10.0.40219.1
Project("{FAE04EC0-301F-11D3-BF4B-00C04F79EFBC}") = "DialogResult", "DialogResult.csproj", "{967DA805-E717-43D5-950B-149390D99C84}"
EndProject
Global
	GlobalSection(SolutionConfigurationPlatforms) = preSolution
		Debug|Any CPU = Debug|Any CPU
		Release|Any CPU = Release|Any CPU
	EndGlobalSection
	GlobalSection(ProjectConfigurationPlatforms) = postSolution
		{967DA805-E717-43D5-950B-149390D99C84}.Debug|Any CPU.ActiveCfg = Debug|Any CPU
		{967DA805-E717-43D5-950B-149390D99C84}.Debug|Any CPU.Build.0 = Debug|Any CPU
		{967DA805-E717-43D5-950B-149390D99C84}.Release|Any CPU.ActiveCfg = Release|Any CPU
		{967DA805-E717-43D5-950B-149390D99C84}.Release|Any CPU.Build.0 = Release|Any CPU
	EndGlobalSection
	GlobalSection(SolutionProperties) = preSolution
		HideSolutionNode = FALSE
	EndGlobalSection
	GlobalSection(ExtensibilityGlobals) = postSolution
		SolutionGuid = {8EF4649A-C24C-4BEA-8665-BD0657BA3750}
	EndGlobalSection
EndGlobal
